
Microsoft Visual Studio Solution File, Format Version 12.00
# Visual Studio Version 17
VisualStudioVersion = 17.9.34622.214
MinimumVisualStudioVersion = 10.0.40219.1
Project("{9A19103F-16F7-4668-BE54-9A1E7A4F7556}") = "SampleTestApp.WebApi", "SampleTestApp.WebApi\SampleTestApp.WebApi.csproj", "{2BA57E60-6C40-4818-AEFB-D1701F93FE90}"
EndProject
Project("{9A19103F-16F7-4668-BE54-9A1E7A4F7556}") = "SampleTestApp.WebApi.600", "SampleTestApp.WebApi.600\SampleTestApp.WebApi.600.csproj", "{CF057BFF-5C77-4A95-AAE8-A35FD7506D00}"
EndProject
Project("{9A19103F-16F7-4668-BE54-9A1E7A4F7556}") = "SampleTestApp.ConsoleApp", "SampleTestApp.ConsoleApp\SampleTestApp.ConsoleApp.csproj", "{A928A142-590C-4BD9-A70B-B2FB0AD8A0F6}"
EndProject
Global
	GlobalSection(SolutionConfigurationPlatforms) = preSolution
		Debug|Any CPU = Debug|Any CPU
		Release|Any CPU = Release|Any CPU
	EndGlobalSection
	GlobalSection(ProjectConfigurationPlatforms) = postSolution
		{2BA57E60-6C40-4818-AEFB-D1701F93FE90}.Debug|Any CPU.ActiveCfg = Debug|Any CPU
		{2BA57E60-6C40-4818-AEFB-D1701F93FE90}.Debug|Any CPU.Build.0 = Debug|Any CPU
		{2BA57E60-6C40-4818-AEFB-D1701F93FE90}.Release|Any CPU.ActiveCfg = Release|Any CPU
		{2BA57E60-6C40-4818-AEFB-D1701F93FE90}.Release|Any CPU.Build.0 = Release|Any CPU
		{CF057BFF-5C77-4A95-AAE8-A35FD7506D00}.Debug|Any CPU.ActiveCfg = Debug|Any CPU
		{CF057BFF-5C77-4A95-AAE8-A35FD7506D00}.Debug|Any CPU.Build.0 = Debug|Any CPU
		{CF057BFF-5C77-4A95-AAE8-A35FD7506D00}.Release|Any CPU.ActiveCfg = Release|Any CPU
		{CF057BFF-5C77-4A95-AAE8-A35FD7506D00}.Release|Any CPU.Build.0 = Release|Any CPU
		{A928A142-590C-4BD9-A70B-B2FB0AD8A0F6}.Debug|Any CPU.ActiveCfg = Debug|Any CPU
		{A928A142-590C-4BD9-A70B-B2FB0AD8A0F6}.Debug|Any CPU.Build.0 = Debug|Any CPU
		{A928A142-590C-4BD9-A70B-B2FB0AD8A0F6}.Release|Any CPU.ActiveCfg = Release|Any CPU
		{A928A142-590C-4BD9-A70B-B2FB0AD8A0F6}.Release|Any CPU.Build.0 = Release|Any CPU
	EndGlobalSection
	GlobalSection(SolutionProperties) = preSolution
		HideSolutionNode = FALSE
	EndGlobalSection
	GlobalSection(ExtensibilityGlobals) = postSolution
		SolutionGuid = {D73A439E-C223-42E2-B7C6-6FDD11101347}
	EndGlobalSection
EndGlobal
